
Microsoft Visual Studio Solution File, Format Version 12.00
# Visual Studio Version 16
VisualStudioVersion = 16.0.30804.86
MinimumVisualStudioVersion = 10.0.40219.1
Project("{9A19103F-16F7-4668-BE54-9A1E7A4F7556}") = "Lab1_6.Data.Migrations", "Lab1_6.Data.Migrations\Lab1_6.Data.Migrations.csproj", "{571F9894-A6FA-4624-8141-56567C3188EA}"
EndProject
Project("{9A19103F-16F7-4668-BE54-9A1E7A4F7556}") = "Lab1_6.Models", "Lab1_6.Models\Lab1_6.Models.csproj", "{45C04093-F14F-4DBF-AEDC-DCBD753DBCF9}"
EndProject
Project("{9A19103F-16F7-4668-BE54-9A1E7A4F7556}") = "Lab1_6.Data", "Lab1_6.Data\Lab1_6.Data.csproj", "{1D2AF0ED-5432-4B53-9DAC-833E60FE5FC6}"
EndProject
Project("{9A19103F-16F7-4668-BE54-9A1E7A4F7556}") = "Lab1_6", "Lab1_6\Lab1_6.csproj", "{4648FED9-17AD-4D19-9763-CE47D4BE2BB3}"
EndProject
Project("{2150E333-8FDC-42A3-9474-1A3956D46DE8}") = "Solution Items", "Solution Items", "{8477EC20-F708-428E-B353-9F87625A27CE}"
	ProjectSection(SolutionItems) = preProject
		.dockerignore = .dockerignore
		dockerBuild.cmd = dockerBuild.cmd
		Dockerfile = Dockerfile
		publish-docker.cmd = publish-docker.cmd
	EndProjectSection
EndProject
Project("{9A19103F-16F7-4668-BE54-9A1E7A4F7556}") = "IdentityServerAspNetIdentity", "IdentityServerAspNetIdentity\IdentityServerAspNetIdentity.csproj", "{7491592F-8299-4768-8B1B-75809E56F6AA}"
EndProject
Project("{9A19103F-16F7-4668-BE54-9A1E7A4F7556}") = "Lab1_6.Proto", "Lab1_6.Proto\Lab1_6.Proto.csproj", "{ABFF346C-D831-425F-B8DC-E2E326591529}"
EndProject
Project("{9A19103F-16F7-4668-BE54-9A1E7A4F7556}") = "Lab1_6.Config", "Lab1_6.Config\Lab1_6.Config.csproj", "{EAC4A98B-CBB3-4D78-9A0B-112C29A3ABCA}"
EndProject
Project("{9A19103F-16F7-4668-BE54-9A1E7A4F7556}") = "Lab1_6.Kafka", "Lab1_6.Kafka\Lab1_6.Kafka.csproj", "{5FA90F4A-3743-4F37-98AB-21404AE82782}"
EndProject
Project("{9A19103F-16F7-4668-BE54-9A1E7A4F7556}") = "Lab1_6.NotifierSvc", "Lab1_6.NotifierSvc\Lab1_6.NotifierSvc.csproj", "{DA3D0E8E-26A7-4178-A3EC-DE49025A0E68}"
EndProject
Project("{9A19103F-16F7-4668-BE54-9A1E7A4F7556}") = "Lab1_6.OrderSvc", "Lab1_6.OrderSvc\Lab1_6.OrderSvc.csproj", "{813B50C7-BF11-4CC4-B226-CCA161463250}"
EndProject
Project("{9A19103F-16F7-4668-BE54-9A1E7A4F7556}") = "Lab1_6.BillingSvc", "Lab1_6.BillingSvc\Lab1_6.BillingSvc.csproj", "{D9DEA919-B0A7-4707-8A48-E13418A40163}"
EndProject
Project("{9A19103F-16F7-4668-BE54-9A1E7A4F7556}") = "Lab1_6.WarehouseSvc", "Lab1_6.WarehouseSvc\Lab1_6.WarehouseSvc.csproj", "{36ADE388-DB71-4D77-82EB-CB5A2872C39D}"
EndProject
Project("{9A19103F-16F7-4668-BE54-9A1E7A4F7556}") = "Lab1_6.DeliverySvc", "Lab1_6.DeliverySvc\Lab1_6.DeliverySvc.csproj", "{51AE365A-0565-4FC8-970C-EEC0346F8820}"
EndProject
Global
	GlobalSection(SolutionConfigurationPlatforms) = preSolution
		Debug|Any CPU = Debug|Any CPU
		Release|Any CPU = Release|Any CPU
	EndGlobalSection
	GlobalSection(ProjectConfigurationPlatforms) = postSolution
		{571F9894-A6FA-4624-8141-56567C3188EA}.Debug|Any CPU.ActiveCfg = Debug|Any CPU
		{571F9894-A6FA-4624-8141-56567C3188EA}.Debug|Any CPU.Build.0 = Debug|Any CPU
		{571F9894-A6FA-4624-8141-56567C3188EA}.Release|Any CPU.ActiveCfg = Release|Any CPU
		{571F9894-A6FA-4624-8141-56567C3188EA}.Release|Any CPU.Build.0 = Release|Any CPU
		{45C04093-F14F-4DBF-AEDC-DCBD753DBCF9}.Debug|Any CPU.ActiveCfg = Debug|Any CPU
		{45C04093-F14F-4DBF-AEDC-DCBD753DBCF9}.Debug|Any CPU.Build.0 = Debug|Any CPU
		{45C04093-F14F-4DBF-AEDC-DCBD753DBCF9}.Release|Any CPU.ActiveCfg = Release|Any CPU
		{45C04093-F14F-4DBF-AEDC-DCBD753DBCF9}.Release|Any CPU.Build.0 = Release|Any CPU
		{1D2AF0ED-5432-4B53-9DAC-833E60FE5FC6}.Debug|Any CPU.ActiveCfg = Debug|Any CPU
		{1D2AF0ED-5432-4B53-9DAC-833E60FE5FC6}.Debug|Any CPU.Build.0 = Debug|Any CPU
		{1D2AF0ED-5432-4B53-9DAC-833E60FE5FC6}.Release|Any CPU.ActiveCfg = Release|Any CPU
		{1D2AF0ED-5432-4B53-9DAC-833E60FE5FC6}.Release|Any CPU.Build.0 = Release|Any CPU
		{4648FED9-17AD-4D19-9763-CE47D4BE2BB3}.Debug|Any CPU.ActiveCfg = Debug|Any CPU
		{4648FED9-17AD-4D19-9763-CE47D4BE2BB3}.Debug|Any CPU.Build.0 = Debug|Any CPU
		{4648FED9-17AD-4D19-9763-CE47D4BE2BB3}.Release|Any CPU.ActiveCfg = Release|Any CPU
		{4648FED9-17AD-4D19-9763-CE47D4BE2BB3}.Release|Any CPU.Build.0 = Release|Any CPU
		{7491592F-8299-4768-8B1B-75809E56F6AA}.Debug|Any CPU.ActiveCfg = Debug|Any CPU
		{7491592F-8299-4768-8B1B-75809E56F6AA}.Debug|Any CPU.Build.0 = Debug|Any CPU
		{7491592F-8299-4768-8B1B-75809E56F6AA}.Release|Any CPU.ActiveCfg = Release|Any CPU
		{7491592F-8299-4768-8B1B-75809E56F6AA}.Release|Any CPU.Build.0 = Release|Any CPU
		{ABFF346C-D831-425F-B8DC-E2E326591529}.Debug|Any CPU.ActiveCfg = Debug|Any CPU
		{ABFF346C-D831-425F-B8DC-E2E326591529}.Debug|Any CPU.Build.0 = Debug|Any CPU
		{ABFF346C-D831-425F-B8DC-E2E326591529}.Release|Any CPU.ActiveCfg = Release|Any CPU
		{ABFF346C-D831-425F-B8DC-E2E326591529}.Release|Any CPU.Build.0 = Release|Any CPU
		{EAC4A98B-CBB3-4D78-9A0B-112C29A3ABCA}.Debug|Any CPU.ActiveCfg = Debug|Any CPU
		{EAC4A98B-CBB3-4D78-9A0B-112C29A3ABCA}.Debug|Any CPU.Build.0 = Debug|Any CPU
		{EAC4A98B-CBB3-4D78-9A0B-112C29A3ABCA}.Release|Any CPU.ActiveCfg = Release|Any CPU
		{EAC4A98B-CBB3-4D78-9A0B-112C29A3ABCA}.Release|Any CPU.Build.0 = Release|Any CPU
		{5FA90F4A-3743-4F37-98AB-21404AE82782}.Debug|Any CPU.ActiveCfg = Debug|Any CPU
		{5FA90F4A-3743-4F37-98AB-21404AE82782}.Debug|Any CPU.Build.0 = Debug|Any CPU
		{5FA90F4A-3743-4F37-98AB-21404AE82782}.Release|Any CPU.ActiveCfg = Release|Any CPU
		{5FA90F4A-3743-4F37-98AB-21404AE82782}.Release|Any CPU.Build.0 = Release|Any CPU
		{DA3D0E8E-26A7-4178-A3EC-DE49025A0E68}.Debug|Any CPU.ActiveCfg = Debug|Any CPU
		{DA3D0E8E-26A7-4178-A3EC-DE49025A0E68}.Debug|Any CPU.Build.0 = Debug|Any CPU
		{DA3D0E8E-26A7-4178-A3EC-DE49025A0E68}.Release|Any CPU.ActiveCfg = Release|Any CPU
		{DA3D0E8E-26A7-4178-A3EC-DE49025A0E68}.Release|Any CPU.Build.0 = Release|Any CPU
		{813B50C7-BF11-4CC4-B226-CCA161463250}.Debug|Any CPU.ActiveCfg = Debug|Any CPU
		{813B50C7-BF11-4CC4-B226-CCA161463250}.Debug|Any CPU.Build.0 = Debug|Any CPU
		{813B50C7-BF11-4CC4-B226-CCA161463250}.Release|Any CPU.ActiveCfg = Release|Any CPU
		{813B50C7-BF11-4CC4-B226-CCA161463250}.Release|Any CPU.Build.0 = Release|Any CPU
		{D9DEA919-B0A7-4707-8A48-E13418A40163}.Debug|Any CPU.ActiveCfg = Debug|Any CPU
		{D9DEA919-B0A7-4707-8A48-E13418A40163}.Debug|Any CPU.Build.0 = Debug|Any CPU
		{D9DEA919-B0A7-4707-8A48-E13418A40163}.Release|Any CPU.ActiveCfg = Release|Any CPU
		{D9DEA919-B0A7-4707-8A48-E13418A40163}.Release|Any CPU.Build.0 = Release|Any CPU
		{36ADE388-DB71-4D77-82EB-CB5A2872C39D}.Debug|Any CPU.ActiveCfg = Debug|Any CPU
		{36ADE388-DB71-4D77-82EB-CB5A2872C39D}.Debug|Any CPU.Build.0 = Debug|Any CPU
		{36ADE388-DB71-4D77-82EB-CB5A2872C39D}.Release|Any CPU.ActiveCfg = Release|Any CPU
		{36ADE388-DB71-4D77-82EB-CB5A2872C39D}.Release|Any CPU.Build.0 = Release|Any CPU
		{51AE365A-0565-4FC8-970C-EEC0346F8820}.Debug|Any CPU.ActiveCfg = Debug|Any CPU
		{51AE365A-0565-4FC8-970C-EEC0346F8820}.Debug|Any CPU.Build.0 = Debug|Any CPU
		{51AE365A-0565-4FC8-970C-EEC0346F8820}.Release|Any CPU.ActiveCfg = Release|Any CPU
		{51AE365A-0565-4FC8-970C-EEC0346F8820}.Release|Any CPU.Build.0 = Release|Any CPU
	EndGlobalSection
	GlobalSection(SolutionProperties) = preSolution
		HideSolutionNode = FALSE
	EndGlobalSection
	GlobalSection(ExtensibilityGlobals) = postSolution
		SolutionGuid = {99A3ACBC-C8EE-4980-940A-0441443FD78F}
	EndGlobalSection
EndGlobal
